# ┌─────────────────────────────────────────────────────────────┐
# │                  Lucky Blocks Configuration                 │
# └─────────────────────────────────────────────────────────────┘
#
# Enable or disable the lucky blocks feature globally.
# (Do NOT set this to false if you use lucky blocks in any mines,
#  otherwise those lucky blocks will become air when reset.)
lucky_blocks_enabled: true
#
# List of active lucky block types on the server.
# Only these block types will trigger lucky blocks when broken.
lucky_block_types:
  - gold_lucky_block
  - diamond_lucky_block
#
# ┌─────────────────────────────────────────────────────────────┐
# │               Configuration for diamond_lucky_block         │
# └─────────────────────────────────────────────────────────────┘
diamond_lucky_block:
  # Block ID for this lucky block
  block_id: "minecraft:diamond_block"
  
  # Number of items to drop (random between these values)
  min_drop_count: 2
  max_drop_count: 5
  
  # Number of commands to execute (random between these values)
  min_cmd_count: 1
  max_cmd_count: 5
  
  # Weighted item drop list (supports multiple entries)
  drop_list:
    - iron_ingot: 25
    - gold_ingot: 25
    - diamond: 40
    - emerald: 10
  
  # List of commands to run when the lucky block is broken.
  # {player} will be replaced with the breaking player’s name.
  commands:
    - "give {player} netherite_sword": 25
    - "give {player} diamond 1": 25
    - "give {player} dirt 1": 40
    - "xp 1000 {player}": 10
  
  # Effects to play on lucky block activation
  effects:
    particles: true
    sound: true
